<?xml version="1.0" encoding="utf-8"?>
<Project ToolsVersion="4.0" xmlns="http://schemas.microsoft.com/developer/msbuild/2003">
  <ItemGroup>
    <Filter Include="소스 파일">
      <UniqueIdentifier>{4FC737F1-C7A5-4376-A066-2A32D752A2FF}</UniqueIdentifier>
      <Extensions>cpp;c;cc;cxx;def;odl;idl;hpj;bat;asm;asmx</Extensions>
    </Filter>
    <Filter Include="헤더 파일">
      <UniqueIdentifier>{93995380-89BD-4b04-88EB-625FBE52EBFB}</UniqueIdentifier>
      <Extensions>h;hh;hpp;hxx;hm;inl;inc;xsd</Extensions>
    </Filter>
    <Filter Include="리소스 파일">
      <UniqueIdentifier>{67DA6AB6-F800-4c08-8B7A-83BB121AAD01}</UniqueIdentifier>
      <Extensions>rc;ico;cur;bmp;dlg;rc2;rct;bin;rgs;gif;jpg;jpeg;jpe;resx;tiff;tif;png;wav;mfcribbon-ms</Extensions>
    </Filter>
    <Filter Include="소스 파일\DP">
      <UniqueIdentifier>{9322ae2c-bb15-4deb-81e1-0b97403e770a}</UniqueIdentifier>
    </Filter>
  </ItemGroup>
  <ItemGroup>
    <ClCompile Include="base.cpp">
      <Filter>리소스 파일</Filter>
    </ClCompile>
    <ClCompile Include="DP\1003_피보나치 함수.cpp">
      <Filter>소스 파일\DP</Filter>
    </ClCompile>
    <ClCompile Include="DP\1010_다리 놓기.cpp">
      <Filter>소스 파일</Filter>
    </ClCompile>
    <ClCompile Include="DP\1149_RGB 거리.cpp">
      <Filter>소스 파일</Filter>
    </ClCompile>
    <ClCompile Include="Brute-force\1051_숫자 정사각형.cpp">
      <Filter>소스 파일</Filter>
    </ClCompile>
    <ClCompile Include="Brute-Force\7568_덩치.cpp">
      <Filter>소스 파일</Filter>
    </ClCompile>
    <ClCompile Include="DP\10942_팰린드롬.cpp">
      <Filter>소스 파일</Filter>
    </ClCompile>
    <ClCompile Include="Brute-Force\10971_외판원 순회2.cpp">
      <Filter>소스 파일</Filter>
    </ClCompile>
    <ClCompile Include="Data Structure\7785_회사에 있는 사람.cpp">
      <Filter>소스 파일</Filter>
    </ClCompile>
    <ClCompile Include="Tree\1086_트리.cpp">
      <Filter>소스 파일</Filter>
    </ClCompile>
    <ClCompile Include="Tree\2042_구간 합 구하기.cpp">
      <Filter>소스 파일</Filter>
    </ClCompile>
    <ClCompile Include="String\1100_하얀 칸.cpp">
      <Filter>소스 파일</Filter>
    </ClCompile>
    <ClCompile Include="String\1764_듣보잡.cpp">
      <Filter>소스 파일</Filter>
    </ClCompile>
    <ClCompile Include="String\9933_민균이의 비밀번호.cpp">
      <Filter>소스 파일</Filter>
    </ClCompile>
    <ClCompile Include="String\9996_한국이 그리울 땐 서버에 접속하지.cpp">
      <Filter>소스 파일</Filter>
    </ClCompile>
    <ClCompile Include="Greedy\2217_로프.cpp">
      <Filter>소스 파일</Filter>
    </ClCompile>
    <ClCompile Include="Bit Mask\2098_외판원 순회.cpp">
      <Filter>소스 파일</Filter>
    </ClCompile>
    <ClCompile Include="DP\1309_동물원.cpp">
      <Filter>소스 파일</Filter>
    </ClCompile>
    <ClCompile Include="DP\1463_1로 만들기.cpp">
      <Filter>소스 파일</Filter>
    </ClCompile>
    <ClCompile Include="DP\11726_2xn 타일링.cpp">
      <Filter>소스 파일</Filter>
    </ClCompile>
    <ClCompile Include="DP\9465_스티커.cpp">
      <Filter>소스 파일</Filter>
    </ClCompile>
    <ClCompile Include="DP\2163_초콜릿 자르기.cpp">
      <Filter>소스 파일</Filter>
    </ClCompile>
    <ClCompile Include="DP\1520_내리막 길.cpp">
      <Filter>소스 파일</Filter>
    </ClCompile>
    <ClCompile Include="DP\1890_점프.cpp">
      <Filter>소스 파일</Filter>
    </ClCompile>
    <ClCompile Include="DP\1904_01타일.cpp">
      <Filter>소스 파일</Filter>
    </ClCompile>
    <ClCompile Include="DP\1912_연속합.cpp">
      <Filter>소스 파일</Filter>
    </ClCompile>
    <ClCompile Include="DP\1915_가장 큰 정사각형.cpp">
      <Filter>소스 파일</Filter>
    </ClCompile>
    <ClCompile Include="DP\1932_숫자삼각형.cpp">
      <Filter>소스 파일</Filter>
    </ClCompile>
    <ClCompile Include="DP\1937_욕심쟁이 판다.cpp">
      <Filter>소스 파일</Filter>
    </ClCompile>
    <ClCompile Include="DP\2096_내려가기.cpp">
      <Filter>소스 파일</Filter>
    </ClCompile>
    <ClCompile Include="DP\2167_2차원 배열의 합.cpp">
      <Filter>소스 파일</Filter>
    </ClCompile>
    <ClCompile Include="DP\2201_이친수 찾기.cpp">
      <Filter>소스 파일</Filter>
    </ClCompile>
    <ClCompile Include="DP\2293_동전 1.cpp">
      <Filter>소스 파일</Filter>
    </ClCompile>
    <ClCompile Include="DP\2294_동전 2.cpp">
      <Filter>소스 파일</Filter>
    </ClCompile>
    <ClCompile Include="DP\2302_극장좌석.cpp">
      <Filter>소스 파일</Filter>
    </ClCompile>
    <ClCompile Include="DP\2748_피보나치 수 2.cpp">
      <Filter>소스 파일</Filter>
    </ClCompile>
    <ClCompile Include="DP\2749_피보나치 수 3.cpp">
      <Filter>소스 파일</Filter>
    </ClCompile>
    <ClCompile Include="DP\6359_만취한 상범.cpp">
      <Filter>소스 파일</Filter>
    </ClCompile>
    <ClCompile Include="DP\LCS\9251_LCS.cpp">
      <Filter>소스 파일</Filter>
    </ClCompile>
    <ClCompile Include="DP\9507_Generations of Tribbles.cpp">
      <Filter>소스 파일</Filter>
    </ClCompile>
    <ClCompile Include="DP\11048_이동하기.cpp">
      <Filter>소스 파일</Filter>
    </ClCompile>
    <ClCompile Include="DP\11051_이항 계수 2.cpp">
      <Filter>소스 파일</Filter>
    </ClCompile>
    <ClCompile Include="DP\11057_오르막수.cpp">
      <Filter>소스 파일</Filter>
    </ClCompile>
    <ClCompile Include="DP\LIS\1965_상자넣기.cpp">
      <Filter>소스 파일</Filter>
    </ClCompile>
    <ClCompile Include="DP\LIS\2565_전깃줄.cpp">
      <Filter>소스 파일</Filter>
    </ClCompile>
    <ClCompile Include="DP\LIS\11568_민균이의 계략.cpp">
      <Filter>소스 파일</Filter>
    </ClCompile>
    <ClCompile Include="Divide and Conquer\1074_Z.cpp">
      <Filter>소스 파일</Filter>
    </ClCompile>
  </ItemGroup>
  <ItemGroup>
    <Text Include="input.txt" />
  </ItemGroup>
</Project>